// !$*UTF8*$!
{
	archiveVersion = 1;
	classes = {
	};
	objectVersion = 50;
	objects = {

/* Begin PBXBuildFile section */
		63C9891D264C3F2A00A5E8D2 /* AppDelegate.swift in Sources */ = {isa = PBXBuildFile; fileRef = 63C9891C264C3F2A00A5E8D2 /* AppDelegate.swift */; };
		63C9891F264C3F2A00A5E8D2 /* SceneDelegate.swift in Sources */ = {isa = PBXBuildFile; fileRef = 63C9891E264C3F2A00A5E8D2 /* SceneDelegate.swift */; };
		63C98921264C3F2A00A5E8D2 /* BreweryListViewController.swift in Sources */ = {isa = PBXBuildFile; fileRef = 63C98920264C3F2A00A5E8D2 /* BreweryListViewController.swift */; };
		63C98924264C3F2A00A5E8D2 /* Main.storyboard in Resources */ = {isa = PBXBuildFile; fileRef = 63C98922264C3F2A00A5E8D2 /* Main.storyboard */; };
		63C98926264C3F2B00A5E8D2 /* Assets.xcassets in Resources */ = {isa = PBXBuildFile; fileRef = 63C98925264C3F2B00A5E8D2 /* Assets.xcassets */; };
		63C98929264C3F2B00A5E8D2 /* LaunchScreen.storyboard in Resources */ = {isa = PBXBuildFile; fileRef = 63C98927264C3F2B00A5E8D2 /* LaunchScreen.storyboard */; };
		63C98937264C40AE00A5E8D2 /* Brewery.swift in Sources */ = {isa = PBXBuildFile; fileRef = 63C98936264C40AE00A5E8D2 /* Brewery.swift */; };
		63C98939264C420200A5E8D2 /* BreweryModelController.swift in Sources */ = {isa = PBXBuildFile; fileRef = 63C98938264C420200A5E8D2 /* BreweryModelController.swift */; };
		63C9893C264C447000A5E8D2 /* BreweryCell.swift in Sources */ = {isa = PBXBuildFile; fileRef = 63C9893B264C447000A5E8D2 /* BreweryCell.swift */; };
/* End PBXBuildFile section */

/* Begin PBXFileReference section */
		63C98919264C3F2A00A5E8D2 /* OpenBreweries.app */ = {isa = PBXFileReference; explicitFileType = wrapper.application; includeInIndex = 0; path = OpenBreweries.app; sourceTree = BUILT_PRODUCTS_DIR; };
		63C9891C264C3F2A00A5E8D2 /* AppDelegate.swift */ = {isa = PBXFileReference; lastKnownFileType = sourcecode.swift; path = AppDelegate.swift; sourceTree = "<group>"; };
		63C9891E264C3F2A00A5E8D2 /* SceneDelegate.swift */ = {isa = PBXFileReference; lastKnownFileType = sourcecode.swift; path = SceneDelegate.swift; sourceTree = "<group>"; };
		63C98920264C3F2A00A5E8D2 /* BreweryListViewController.swift */ = {isa = PBXFileReference; lastKnownFileType = sourcecode.swift; path = BreweryListViewController.swift; sourceTree = "<group>"; };
		63C98923264C3F2A00A5E8D2 /* Base */ = {isa = PBXFileReference; lastKnownFileType = file.storyboard; name = Base; path = Base.lproj/Main.storyboard; sourceTree = "<group>"; };
		63C98925264C3F2B00A5E8D2 /* Assets.xcassets */ = {isa = PBXFileReference; lastKnownFileType = folder.assetcatalog; path = Assets.xcassets; sourceTree = "<group>"; };
		63C98928264C3F2B00A5E8D2 /* Base */ = {isa = PBXFileReference; lastKnownFileType = file.storyboard; name = Base; path = Base.lproj/LaunchScreen.storyboard; sourceTree = "<group>"; };
		63C9892A264C3F2B00A5E8D2 /* Info.plist */ = {isa = PBXFileReference; lastKnownFileType = text.plist.xml; path = Info.plist; sourceTree = "<group>"; };
		63C98936264C40AE00A5E8D2 /* Brewery.swift */ = {isa = PBXFileReference; lastKnownFileType = sourcecode.swift; path = Brewery.swift; sourceTree = "<group>"; };
		63C98938264C420200A5E8D2 /* BreweryModelController.swift */ = {isa = PBXFileReference; lastKnownFileType = sourcecode.swift; path = BreweryModelController.swift; sourceTree = "<group>"; };
		63C9893B264C447000A5E8D2 /* BreweryCell.swift */ = {isa = PBXFileReference; lastKnownFileType = sourcecode.swift; path = BreweryCell.swift; sourceTree = "<group>"; };
/* End PBXFileReference section */

/* Begin PBXFrameworksBuildPhase section */
		63C98916264C3F2A00A5E8D2 /* Frameworks */ = {
			isa = PBXFrameworksBuildPhase;
			buildActionMask = 2147483647;
			files = (
			);
			runOnlyForDeploymentPostprocessing = 0;
		};
/* End PBXFrameworksBuildPhase section */

/* Begin PBXGroup section */
		63C98910264C3F2A00A5E8D2 = {
			isa = PBXGroup;
			children = (
				63C9891B264C3F2A00A5E8D2 /* OpenBreweries */,
				63C9891A264C3F2A00A5E8D2 /* Products */,
			);
			sourceTree = "<group>";
		};
		63C9891A264C3F2A00A5E8D2 /* Products */ = {
			isa = PBXGroup;
			children = (
				63C98919264C3F2A00A5E8D2 /* OpenBreweries.app */,
			);
			name = Products;
			sourceTree = "<group>";
		};
		63C9891B264C3F2A00A5E8D2 /* OpenBreweries */ = {
			isa = PBXGroup;
			children = (
				63C98935264C409D00A5E8D2 /* Model */,
				63C98932264C3F6700A5E8D2 /* Views */,
				63C98931264C3F5E00A5E8D2 /* Controller */,
				63C98930264C3F3500A5E8D2 /* Support */,
			);
			path = OpenBreweries;
			sourceTree = "<group>";
		};
		63C98930264C3F3500A5E8D2 /* Support */ = {
			isa = PBXGroup;
			children = (
				63C98934264C3FDE00A5E8D2 /* App Lifecycle */,
				63C98925264C3F2B00A5E8D2 /* Assets.xcassets */,
				63C9892A264C3F2B00A5E8D2 /* Info.plist */,
			);
			path = Support;
			sourceTree = "<group>";
		};
		63C98931264C3F5E00A5E8D2 /* Controller */ = {
			isa = PBXGroup;
			children = (
				63C98920264C3F2A00A5E8D2 /* BreweryListViewController.swift */,
				63C98938264C420200A5E8D2 /* BreweryModelController.swift */,
			);
			path = Controller;
			sourceTree = "<group>";
		};
		63C98932264C3F6700A5E8D2 /* Views */ = {
			isa = PBXGroup;
			children = (
				63C9893A264C446100A5E8D2 /* Custom Views */,
				63C98933264C3F6D00A5E8D2 /* Storyboards */,
			);
			path = Views;
			sourceTree = "<group>";
		};
		63C98933264C3F6D00A5E8D2 /* Storyboards */ = {
			isa = PBXGroup;
			children = (
				63C98922264C3F2A00A5E8D2 /* Main.storyboard */,
				63C98927264C3F2B00A5E8D2 /* LaunchScreen.storyboard */,
			);
			path = Storyboards;
			sourceTree = "<group>";
		};
		63C98934264C3FDE00A5E8D2 /* App Lifecycle */ = {
			isa = PBXGroup;
			children = (
				63C9891C264C3F2A00A5E8D2 /* AppDelegate.swift */,
				63C9891E264C3F2A00A5E8D2 /* SceneDelegate.swift */,
			);
			path = "App Lifecycle";
			sourceTree = "<group>";
		};
		63C98935264C409D00A5E8D2 /* Model */ = {
			isa = PBXGroup;
			children = (
				63C98936264C40AE00A5E8D2 /* Brewery.swift */,
			);
			path = Model;
			sourceTree = "<group>";
		};
		63C9893A264C446100A5E8D2 /* Custom Views */ = {
			isa = PBXGroup;
			children = (
				63C9893B264C447000A5E8D2 /* BreweryCell.swift */,
			);
			path = "Custom Views";
			sourceTree = "<group>";
		};
/* End PBXGroup section */

/* Begin PBXNativeTarget section */
		63C98918264C3F2A00A5E8D2 /* OpenBreweries */ = {
			isa = PBXNativeTarget;
			buildConfigurationList = 63C9892D264C3F2B00A5E8D2 /* Build configuration list for PBXNativeTarget "OpenBreweries" */;
			buildPhases = (
				63C98915264C3F2A00A5E8D2 /* Sources */,
				63C98916264C3F2A00A5E8D2 /* Frameworks */,
				63C98917264C3F2A00A5E8D2 /* Resources */,
			);
			buildRules = (
			);
			dependencies = (
			);
			name = OpenBreweries;
			productName = OpenBreweries;
			productReference = 63C98919264C3F2A00A5E8D2 /* OpenBreweries.app */;
			productType = "com.apple.product-type.application";
		};
/* End PBXNativeTarget section */

/* Begin PBXProject section */
		63C98911264C3F2A00A5E8D2 /* Project object */ = {
			isa = PBXProject;
			attributes = {
				LastSwiftUpdateCheck = 1250;
				LastUpgradeCheck = 1250;
				TargetAttributes = {
					63C98918264C3F2A00A5E8D2 = {
						CreatedOnToolsVersion = 12.5;
					};
				};
			};
			buildConfigurationList = 63C98914264C3F2A00A5E8D2 /* Build configuration list for PBXProject "OpenBreweries" */;
			compatibilityVersion = "Xcode 9.3";
			developmentRegion = en;
			hasScannedForEncodings = 0;
			knownRegions = (
				en,
				Base,
			);
			mainGroup = 63C98910264C3F2A00A5E8D2;
			productRefGroup = 63C9891A264C3F2A00A5E8D2 /* Products */;
			projectDirPath = "";
			projectRoot = "";
			targets = (
				63C98918264C3F2A00A5E8D2 /* OpenBreweries */,
			);
		};
/* End PBXProject section */

/* Begin PBXResourcesBuildPhase section */
		63C98917264C3F2A00A5E8D2 /* Resources */ = {
			isa = PBXResourcesBuildPhase;
			buildActionMask = 2147483647;
			files = (
				63C98929264C3F2B00A5E8D2 /* LaunchScreen.storyboard in Resources */,
				63C98926264C3F2B00A5E8D2 /* Assets.xcassets in Resources */,
				63C98924264C3F2A00A5E8D2 /* Main.storyboard in Resources */,
			);
			runOnlyForDeploymentPostprocessing = 0;
		};
/* End PBXResourcesBuildPhase section */

/* Begin PBXSourcesBuildPhase section */
		63C98915264C3F2A00A5E8D2 /* Sources */ = {
			isa = PBXSourcesBuildPhase;
			buildActionMask = 2147483647;
			files = (
				63C98937264C40AE00A5E8D2 /* Brewery.swift in Sources */,
				63C98921264C3F2A00A5E8D2 /* BreweryListViewController.swift in Sources */,
				63C9891D264C3F2A00A5E8D2 /* AppDelegate.swift in Sources */,
				63C98939264C420200A5E8D2 /* BreweryModelController.swift in Sources */,
				63C9893C264C447000A5E8D2 /* BreweryCell.swift in Sources */,
				63C9891F264C3F2A00A5E8D2 /* SceneDelegate.swift in Sources */,
			);
			runOnlyForDeploymentPostprocessing = 0;
		};
/* End PBXSourcesBuildPhase section */

/* Begin PBXVariantGroup section */
		63C98922264C3F2A00A5E8D2 /* Main.storyboard */ = {
			isa = PBXVariantGroup;
			children = (
				63C98923264C3F2A00A5E8D2 /* Base */,
			);
			name = Main.storyboard;
			sourceTree = "<group>";
		};
		63C98927264C3F2B00A5E8D2 /* LaunchScreen.storyboard */ = {
			isa = PBXVariantGroup;
			children = (
				63C98928264C3F2B00A5E8D2 /* Base */,
			);
			name = LaunchScreen.storyboard;
			sourceTree = "<group>";
		};
/* End PBXVariantGroup section */

/* Begin XCBuildConfiguration section */
		63C9892B264C3F2B00A5E8D2 /* Debug */ = {
			isa = XCBuildConfiguration;
			buildSettings = {
				ALWAYS_SEARCH_USER_PATHS = NO;
				CLANG_ANALYZER_NONNULL = YES;
				CLANG_ANALYZER_NUMBER_OBJECT_CONVERSION = YES_AGGRESSIVE;
				CLANG_CXX_LANGUAGE_STANDARD = "gnu++14";
				CLANG_CXX_LIBRARY = "libc++";
				CLANG_ENABLE_MODULES = YES;
				CLANG_ENABLE_OBJC_ARC = YES;
				CLANG_ENABLE_OBJC_WEAK = YES;
				CLANG_WARN_BLOCK_CAPTURE_AUTORELEASING = YES;
				CLANG_WARN_BOOL_CONVERSION = YES;
				CLANG_WARN_COMMA = YES;
				CLANG_WARN_CONSTANT_CONVERSION = YES;
				CLANG_WARN_DEPRECATED_OBJC_IMPLEMENTATIONS = YES;
				CLANG_WARN_DIRECT_OBJC_ISA_USAGE = YES_ERROR;
				CLANG_WARN_DOCUMENTATION_COMMENTS = YES;
				CLANG_WARN_EMPTY_BODY = YES;
				CLANG_WARN_ENUM_CONVERSION = YES;
				CLANG_WARN_INFINITE_RECURSION = YES;
				CLANG_WARN_INT_CONVERSION = YES;
				CLANG_WARN_NON_LITERAL_NULL_CONVERSION = YES;
				CLANG_WARN_OBJC_IMPLICIT_RETAIN_SELF = YES;
				CLANG_WARN_OBJC_LITERAL_CONVERSION = YES;
				CLANG_WARN_OBJC_ROOT_CLASS = YES_ERROR;
				CLANG_WARN_QUOTED_INCLUDE_IN_FRAMEWORK_HEADER = YES;
				CLANG_WARN_RANGE_LOOP_ANALYSIS = YES;
				CLANG_WARN_STRICT_PROTOTYPES = YES;
				CLANG_WARN_SUSPICIOUS_MOVE = YES;
				CLANG_WARN_UNGUARDED_AVAILABILITY = YES_AGGRESSIVE;
				CLANG_WARN_UNREACHABLE_CODE = YES;
				CLANG_WARN__DUPLICATE_METHOD_MATCH = YES;
				COPY_PHASE_STRIP = NO;
				DEBUG_INFORMATION_FORMAT = dwarf;
				ENABLE_STRICT_OBJC_MSGSEND = YES;
				ENABLE_TESTABILITY = YES;
				GCC_C_LANGUAGE_STANDARD = gnu11;
				GCC_DYNAMIC_NO_PIC = NO;
				GCC_NO_COMMON_BLOCKS = YES;
				GCC_OPTIMIZATION_LEVEL = 0;
				GCC_PREPROCESSOR_DEFINITIONS = (
					"DEBUG=1",
					"$(inherited)",
				);
				GCC_WARN_64_TO_32_BIT_CONVERSION = YES;
				GCC_WARN_ABOUT_RETURN_TYPE = YES_ERROR;
				GCC_WARN_UNDECLARED_SELECTOR = YES;
				GCC_WARN_UNINITIALIZED_AUTOS = YES_AGGRESSIVE;
				GCC_WARN_UNUSED_FUNCTION = YES;
				GCC_WARN_UNUSED_VARIABLE = YES;
				IPHONEOS_DEPLOYMENT_TARGET = 14.5;
				MTL_ENABLE_DEBUG_INFO = INCLUDE_SOURCE;
				MTL_FAST_MATH = YES;
				ONLY_ACTIVE_ARCH = YES;
				SDKROOT = iphoneos;
				SWIFT_ACTIVE_COMPILATION_CONDITIONS = DEBUG;
				SWIFT_OPTIMIZATION_LEVEL = "-Onone";
			};
			name = Debug;
		};
		63C9892C264C3F2B00A5E8D2 /* Release */ = {
			isa = XCBuildConfiguration;
			buildSettings = {
				ALWAYS_SEARCH_USER_PATHS = NO;
				CLANG_ANALYZER_NONNULL = YES;
				CLANG_ANALYZER_NUMBER_OBJECT_CONVERSION = YES_AGGRESSIVE;
				CLANG_CXX_LANGUAGE_STANDARD = "gnu++14";
				CLANG_CXX_LIBRARY = "libc++";
				CLANG_ENABLE_MODULES = YES;
				CLANG_ENABLE_OBJC_ARC = YES;
				CLANG_ENABLE_OBJC_WEAK = YES;
				CLANG_WARN_BLOCK_CAPTURE_AUTORELEASING = YES;
				CLANG_WARN_BOOL_CONVERSION = YES;
				CLANG_WARN_COMMA = YES;
				CLANG_WARN_CONSTANT_CONVERSION = YES;
				CLANG_WARN_DEPRECATED_OBJC_IMPLEMENTATIONS = YES;
				CLANG_WARN_DIRECT_OBJC_ISA_USAGE = YES_ERROR;
				CLANG_WARN_DOCUMENTATION_COMMENTS = YES;
				CLANG_WARN_EMPTY_BODY = YES;
				CLANG_WARN_ENUM_CONVERSION = YES;
				CLANG_WARN_INFINITE_RECURSION = YES;
				CLANG_WARN_INT_CONVERSION = YES;
				CLANG_WARN_NON_LITERAL_NULL_CONVERSION = YES;
				CLANG_WARN_OBJC_IMPLICIT_RETAIN_SELF = YES;
				CLANG_WARN_OBJC_LITERAL_CONVERSION = YES;
				CLANG_WARN_OBJC_ROOT_CLASS = YES_ERROR;
				CLANG_WARN_QUOTED_INCLUDE_IN_FRAMEWORK_HEADER = YES;
				CLANG_WARN_RANGE_LOOP_ANALYSIS = YES;
				CLANG_WARN_STRICT_PROTOTYPES = YES;
				CLANG_WARN_SUSPICIOUS_MOVE = YES;
				CLANG_WARN_UNGUARDED_AVAILABILITY = YES_AGGRESSIVE;
				CLANG_WARN_UNREACHABLE_CODE = YES;
				CLANG_WARN__DUPLICATE_METHOD_MATCH = YES;
				COPY_PHASE_STRIP = NO;
				DEBUG_INFORMATION_FORMAT = "dwarf-with-dsym";
				ENABLE_NS_ASSERTIONS = NO;
				ENABLE_STRICT_OBJC_MSGSEND = YES;
				GCC_C_LANGUAGE_STANDARD = gnu11;
				GCC_NO_COMMON_BLOCKS = YES;
				GCC_WARN_64_TO_32_BIT_CONVERSION = YES;
				GCC_WARN_ABOUT_RETURN_TYPE = YES_ERROR;
				GCC_WARN_UNDECLARED_SELECTOR = YES;
				GCC_WARN_UNINITIALIZED_AUTOS = YES_AGGRESSIVE;
				GCC_WARN_UNUSED_FUNCTION = YES;
				GCC_WARN_UNUSED_VARIABLE = YES;
				IPHONEOS_DEPLOYMENT_TARGET = 14.5;
				MTL_ENABLE_DEBUG_INFO = NO;
				MTL_FAST_MATH = YES;
				SDKROOT = iphoneos;
				SWIFT_COMPILATION_MODE = wholemodule;
				SWIFT_OPTIMIZATION_LEVEL = "-O";
				VALIDATE_PRODUCT = YES;
			};
			name = Release;
		};
		63C9892E264C3F2B00A5E8D2 /* Debug */ = {
			isa = XCBuildConfiguration;
			buildSettings = {
				ASSETCATALOG_COMPILER_APPICON_NAME = AppIcon;
				ASSETCATALOG_COMPILER_GLOBAL_ACCENT_COLOR_NAME = AccentColor;
				CODE_SIGN_STYLE = Automatic;
				DEVELOPMENT_TEAM = KKSJPH7WNZ;
				INFOPLIST_FILE = OpenBreweries/Support/Info.plist;
				LD_RUNPATH_SEARCH_PATHS = (
					"$(inherited)",
					"@executable_path/Frameworks",
				);
				PRODUCT_BUNDLE_IDENTIFIER = io.github.chadarutherford.OpenBreweries;
				PRODUCT_NAME = "$(TARGET_NAME)";
				SWIFT_VERSION = 5.0;
				TARGETED_DEVICE_FAMILY = "1,2";
			};
			name = Debug;
		};
		63C9892F264C3F2B00A5E8D2 /* Release */ = {
			isa = XCBuildConfiguration;
			buildSettings = {
				ASSETCATALOG_COMPILER_APPICON_NAME = AppIcon;
				ASSETCATALOG_COMPILER_GLOBAL_ACCENT_COLOR_NAME = AccentColor;
				CODE_SIGN_STYLE = Automatic;
				DEVELOPMENT_TEAM = KKSJPH7WNZ;
				INFOPLIST_FILE = OpenBreweries/Support/Info.plist;
				LD_RUNPATH_SEARCH_PATHS = (
					"$(inherited)",
					"@executable_path/Frameworks",
				);
				PRODUCT_BUNDLE_IDENTIFIER = io.github.chadarutherford.OpenBreweries;
				PRODUCT_NAME = "$(TARGET_NAME)";
				SWIFT_VERSION = 5.0;
				TARGETED_DEVICE_FAMILY = "1,2";
			};
			name = Release;
		};
/* End XCBuildConfiguration section */

/* Begin XCConfigurationList section */
		63C98914264C3F2A00A5E8D2 /* Build configuration list for PBXProject "OpenBreweries" */ = {
			isa = XCConfigurationList;
			buildConfigurations = (
				63C9892B264C3F2B00A5E8D2 /* Debug */,
				63C9892C264C3F2B00A5E8D2 /* Release */,
			);
			defaultConfigurationIsVisible = 0;
			defaultConfigurationName = Release;
		};
		63C9892D264C3F2B00A5E8D2 /* Build configuration list for PBXNativeTarget "OpenBreweries" */ = {
			isa = XCConfigurationList;
			buildConfigurations = (
				63C9892E264C3F2B00A5E8D2 /* Debug */,
				63C9892F264C3F2B00A5E8D2 /* Release */,
			);
			defaultConfigurationIsVisible = 0;
			defaultConfigurationName = Release;
		};
/* End XCConfigurationList section */
	};
	rootObject = 63C98911264C3F2A00A5E8D2 /* Project object */;
}
